
Microsoft Visual Studio Solution File, Format Version 11.00
# Visual Studio 2010
# SharpDevelop 5.1
Project("{FAE04EC0-301F-11D3-BF4B-00C04F79EFBC}") = "RimWorld_Journals", "RimWorld_Journals.csproj", "{155B7C12-5CA7-4343-8248-B8059893124C}"
EndProject
Global
	GlobalSection(SolutionConfigurationPlatforms) = preSolution
		Debug|Any CPU = Debug|Any CPU
		Release|Any CPU = Release|Any CPU
	EndGlobalSection
	GlobalSection(ProjectConfigurationPlatforms) = postSolution
		{155B7C12-5CA7-4343-8248-B8059893124C}.Debug|Any CPU.ActiveCfg = Debug|Any CPU
		{155B7C12-5CA7-4343-8248-B8059893124C}.Debug|Any CPU.Build.0 = Debug|Any CPU
		{155B7C12-5CA7-4343-8248-B8059893124C}.Release|Any CPU.ActiveCfg = Release|Any CPU
		{155B7C12-5CA7-4343-8248-B8059893124C}.Release|Any CPU.Build.0 = Release|Any CPU
	EndGlobalSection
EndGlobal
